{
  "version": 4,
  "terraform_version": "1.0.10",
  "serial": 6,
  "lineage": "4b75b11e-e8a8-9f38-162b-8abfcd10bf21",
  "outputs": {},
  "resources": [
    {
      "mode": "managed",
      "type": "google_storage_bucket",
      "name": "test-bucket-for-state",
      "provider": "provider[\"registry.terraform.io/hashicorp/google\"]",
      "instances": [
        {
          "schema_version": 0,
          "attributes": {
            "cors": [],
            "default_event_based_hold": false,
            "encryption": [],
            "force_destroy": true,
            "id": "qwiklabs-gcp-01-32934a9a8a12",
            "labels": {},
            "lifecycle_rule": [],
            "location": "US",
            "logging": [],
            "name": "qwiklabs-gcp-01-32934a9a8a12",
            "project": "qwiklabs-gcp-01-32934a9a8a12",
            "requester_pays": false,
            "retention_policy": [],
            "self_link": "https://www.googleapis.com/storage/v1/b/qwiklabs-gcp-01-32934a9a8a12",
            "storage_class": "STANDARD",
            "uniform_bucket_level_access": true,
            "url": "gs://qwiklabs-gcp-01-32934a9a8a12",
            "versioning": [],
            "website": []
          },
          "sensitive_attributes": [],
          "private": "bnVsbA=="
        }
      ]
    }
  ]
}
